
Microsoft Visual Studio Solution File, Format Version 12.00
# Visual Studio Version 17
VisualStudioVersion = 17.0.31903.59
MinimumVisualStudioVersion = 10.0.40219.1
Project("{9A19103F-16F7-4668-BE54-9A1E7A4F7556}") = "GBS.Api", "GBS.Api\GBS.Api.csproj", "{A6BB91D8-D6AB-454A-B66A-C16B1FC99F88}"
EndProject
Project("{9A19103F-16F7-4668-BE54-9A1E7A4F7556}") = "GBS.Service", "GBS.Service\GBS.Service.csproj", "{1A485E38-F8DB-4403-8661-52DC577B342E}"
EndProject
Project("{9A19103F-16F7-4668-BE54-9A1E7A4F7556}") = "GBS.Entities", "GBS.Entities\GBS.Entities.csproj", "{D990E874-2018-4D23-9113-D9ADDCA314D7}"
EndProject
Project("{9A19103F-16F7-4668-BE54-9A1E7A4F7556}") = "GBS.Data", "GBS.Data\GBS.Data.csproj", "{F39C4043-0E52-4461-94BC-5BEFAD44E45D}"
EndProject
Global
	GlobalSection(SolutionConfigurationPlatforms) = preSolution
		Debug|Any CPU = Debug|Any CPU
		Release|Any CPU = Release|Any CPU
	EndGlobalSection
	GlobalSection(ProjectConfigurationPlatforms) = postSolution
		{A6BB91D8-D6AB-454A-B66A-C16B1FC99F88}.Debug|Any CPU.ActiveCfg = Debug|Any CPU
		{A6BB91D8-D6AB-454A-B66A-C16B1FC99F88}.Debug|Any CPU.Build.0 = Debug|Any CPU
		{A6BB91D8-D6AB-454A-B66A-C16B1FC99F88}.Release|Any CPU.ActiveCfg = Release|Any CPU
		{A6BB91D8-D6AB-454A-B66A-C16B1FC99F88}.Release|Any CPU.Build.0 = Release|Any CPU
		{1A485E38-F8DB-4403-8661-52DC577B342E}.Debug|Any CPU.ActiveCfg = Debug|Any CPU
		{1A485E38-F8DB-4403-8661-52DC577B342E}.Debug|Any CPU.Build.0 = Debug|Any CPU
		{1A485E38-F8DB-4403-8661-52DC577B342E}.Release|Any CPU.ActiveCfg = Release|Any CPU
		{1A485E38-F8DB-4403-8661-52DC577B342E}.Release|Any CPU.Build.0 = Release|Any CPU
		{D990E874-2018-4D23-9113-D9ADDCA314D7}.Debug|Any CPU.ActiveCfg = Debug|Any CPU
		{D990E874-2018-4D23-9113-D9ADDCA314D7}.Debug|Any CPU.Build.0 = Debug|Any CPU
		{D990E874-2018-4D23-9113-D9ADDCA314D7}.Release|Any CPU.ActiveCfg = Release|Any CPU
		{D990E874-2018-4D23-9113-D9ADDCA314D7}.Release|Any CPU.Build.0 = Release|Any CPU
		{F39C4043-0E52-4461-94BC-5BEFAD44E45D}.Debug|Any CPU.ActiveCfg = Debug|Any CPU
		{F39C4043-0E52-4461-94BC-5BEFAD44E45D}.Debug|Any CPU.Build.0 = Debug|Any CPU
		{F39C4043-0E52-4461-94BC-5BEFAD44E45D}.Release|Any CPU.ActiveCfg = Release|Any CPU
		{F39C4043-0E52-4461-94BC-5BEFAD44E45D}.Release|Any CPU.Build.0 = Release|Any CPU
	EndGlobalSection
	GlobalSection(SolutionProperties) = preSolution
		HideSolutionNode = FALSE
	EndGlobalSection
	GlobalSection(ExtensibilityGlobals) = postSolution
		SolutionGuid = {6A01CDC7-BE57-4A00-A27B-1D74E4C9BD21}
	EndGlobalSection
EndGlobal
